
Microsoft Visual Studio Solution File, Format Version 12.00
# Visual Studio Version 17
VisualStudioVersion = 17.13.35825.156 d17.13
MinimumVisualStudioVersion = 10.0.40219.1
Project("{FAE04EC0-301F-11D3-BF4B-00C04F79EFBC}") = "Dictionary", "Dictionary\Dictionary.csproj", "{F2E65622-D632-456E-B607-3E37A3BD7726}"
EndProject
Global
	GlobalSection(SolutionConfigurationPlatforms) = preSolution
		Debug|Any CPU = Debug|Any CPU
		Release|Any CPU = Release|Any CPU
	EndGlobalSection
	GlobalSection(ProjectConfigurationPlatforms) = postSolution
		{F2E65622-D632-456E-B607-3E37A3BD7726}.Debug|Any CPU.ActiveCfg = Debug|Any CPU
		{F2E65622-D632-456E-B607-3E37A3BD7726}.Debug|Any CPU.Build.0 = Debug|Any CPU
		{F2E65622-D632-456E-B607-3E37A3BD7726}.Release|Any CPU.ActiveCfg = Release|Any CPU
		{F2E65622-D632-456E-B607-3E37A3BD7726}.Release|Any CPU.Build.0 = Release|Any CPU
	EndGlobalSection
	GlobalSection(SolutionProperties) = preSolution
		HideSolutionNode = FALSE
	EndGlobalSection
	GlobalSection(ExtensibilityGlobals) = postSolution
		SolutionGuid = {8DBB70EA-07C4-434B-8073-2C4A806563A9}
	EndGlobalSection
EndGlobal
